
Microsoft Visual Studio Solution File, Format Version 11.00
# Visual Studio 2010
Project("{FAE04EC0-301F-11D3-BF4B-00C04F79EFBC}") = "GenericEvent", "GenericEvent\GenericEvent.csproj", "{91D9AAAF-22D4-4AA0-BE36-83F4796DACCF}"
EndProject
Global
	GlobalSection(SolutionConfigurationPlatforms) = preSolution
		Debug|Any CPU = Debug|Any CPU
		Release|Any CPU = Release|Any CPU
	EndGlobalSection
	GlobalSection(ProjectConfigurationPlatforms) = postSolution
		{91D9AAAF-22D4-4AA0-BE36-83F4796DACCF}.Debug|Any CPU.ActiveCfg = Debug|Any CPU
		{91D9AAAF-22D4-4AA0-BE36-83F4796DACCF}.Debug|Any CPU.Build.0 = Debug|Any CPU
		{91D9AAAF-22D4-4AA0-BE36-83F4796DACCF}.Release|Any CPU.ActiveCfg = Release|Any CPU
		{91D9AAAF-22D4-4AA0-BE36-83F4796DACCF}.Release|Any CPU.Build.0 = Release|Any CPU
	EndGlobalSection
	GlobalSection(SolutionProperties) = preSolution
		HideSolutionNode = FALSE
	EndGlobalSection
EndGlobal
