
Microsoft Visual Studio Solution File, Format Version 11.00
# Visual Studio 2010
Project("{FAE04EC0-301F-11D3-BF4B-00C04F79EFBC}") = "LZW", "LZW\LZW.csproj", "{4D6878A7-CBDE-470B-9A25-6E7A1091A88E}"
EndProject
Global
	GlobalSection(SolutionConfigurationPlatforms) = preSolution
		Debug|Any CPU = Debug|Any CPU
		Release|Any CPU = Release|Any CPU
	EndGlobalSection
	GlobalSection(ProjectConfigurationPlatforms) = postSolution
		{4D6878A7-CBDE-470B-9A25-6E7A1091A88E}.Debug|Any CPU.ActiveCfg = Debug|Any CPU
		{4D6878A7-CBDE-470B-9A25-6E7A1091A88E}.Debug|Any CPU.Build.0 = Debug|Any CPU
		{4D6878A7-CBDE-470B-9A25-6E7A1091A88E}.Release|Any CPU.ActiveCfg = Release|Any CPU
		{4D6878A7-CBDE-470B-9A25-6E7A1091A88E}.Release|Any CPU.Build.0 = Release|Any CPU
	EndGlobalSection
	GlobalSection(SolutionProperties) = preSolution
		HideSolutionNode = FALSE
	EndGlobalSection
EndGlobal
